
Microsoft Visual Studio Solution File, Format Version 12.00
# Visual Studio Version 16
VisualStudioVersion = 16.0.30114.105
MinimumVisualStudioVersion = 10.0.40219.1
Project("{FAE04EC0-301F-11D3-BF4B-00C04F79EFBC}") = "Sql", "Sql\Sql.csproj", "{5A9A7A3C-0431-465E-8F0E-6D756218CF1F}"
EndProject
Project("{FAE04EC0-301F-11D3-BF4B-00C04F79EFBC}") = "Json", "Json\Json.csproj", "{E6B814A2-D476-4718-90F6-0749C760E83B}"
EndProject
Project("{FAE04EC0-301F-11D3-BF4B-00C04F79EFBC}") = "GrpcBenchmarks", "Rpc\GrpcBenchmarks\GrpcBenchmarks.csproj", "{0BEBA0AA-BE4F-4C78-A891-26FBE07B29EC}"
EndProject
Project("{FAE04EC0-301F-11D3-BF4B-00C04F79EFBC}") = "Common", "Common\Common.csproj", "{806B647D-6FCB-4006-B19D-0EA2E4B01E06}"
EndProject
Project("{2150E333-8FDC-42A3-9474-1A3956D46DE8}") = "Solution Items", "Solution Items", "{95F21584-3D73-420D-BBDD-4A1676D997DB}"
	ProjectSection(SolutionItems) = preProject
		.editorconfig = .editorconfig
		README.md = README.md
		.gitignore = .gitignore
		Benchmark_Results_Json.md = Benchmark_Results_Json.md
		Benchmark_Results_Npgsql.md = Benchmark_Results_Npgsql.md
		Benchmark_Results_BroadcastQueue.md = Benchmark_Results_BroadcastQueue.md
	EndProjectSection
EndProject
Project("{2150E333-8FDC-42A3-9474-1A3956D46DE8}") = "Rpc", "Rpc", "{560A4C33-3CEC-4821-B8DB-A6169BD156A8}"
EndProject
Project("{2150E333-8FDC-42A3-9474-1A3956D46DE8}") = "InterThread", "InterThread", "{5A9F401A-9294-4DD3-87C8-D11FA7BBED8A}"
EndProject
Project("{FAE04EC0-301F-11D3-BF4B-00C04F79EFBC}") = "Benchmarks", "InterThread\Benchmark\Benchmarks.csproj", "{399C3EE3-0FC6-4C6C-B7AF-1E90C1CFC44B}"
EndProject
Project("{FAE04EC0-301F-11D3-BF4B-00C04F79EFBC}") = "BroadcastQueue", "InterThread\BroadcastQueue\BroadcastQueue.csproj", "{45B74D74-3B1C-4864-90DE-BDACC88D1721}"
EndProject
Project("{FAE04EC0-301F-11D3-BF4B-00C04F79EFBC}") = "BroadcastQueueTests", "InterThread\BroadcastQueueTests\BroadcastQueueTests.csproj", "{AB946726-7D7C-4F02-B3B2-0F399171DE48}"
EndProject
Project("{FAE04EC0-301F-11D3-BF4B-00C04F79EFBC}") = "GrpcReflectionExample", "Rpc\GrpcReflectionExample\GrpcReflectionExample.csproj", "{D2FAC430-51C9-4CC8-87E7-7AE7975D7BE3}"
EndProject
Project("{FAE04EC0-301F-11D3-BF4B-00C04F79EFBC}") = "Shared", "Rpc\Shared\Shared.csproj", "{CFF54F81-1245-4344-91D9-6297C3709694}"
EndProject
Project("{FAE04EC0-301F-11D3-BF4B-00C04F79EFBC}") = "GrpcBenchmarksServer", "Rpc\GrpcBenchmarksServer\GrpcBenchmarksServer.csproj", "{D8A9745E-CB4B-4882-8A18-71157788A1AE}"
EndProject
Project("{FAE04EC0-301F-11D3-BF4B-00C04F79EFBC}") = "LanguageTests", "LanguageTests\LanguageTests.csproj", "{89402384-4789-462D-8B61-06B4E390A62D}"
EndProject
Project("{FAE04EC0-301F-11D3-BF4B-00C04F79EFBC}") = "GeneralBenchmarks", "GeneralBenchmarks\GeneralBenchmarks.csproj", "{D4500737-FF29-4C72-BD25-B1B0DC0DB2F4}"
EndProject
Global
	GlobalSection(SolutionConfigurationPlatforms) = preSolution
		Debug|Any CPU = Debug|Any CPU
		Release|Any CPU = Release|Any CPU
	EndGlobalSection
	GlobalSection(SolutionProperties) = preSolution
		HideSolutionNode = FALSE
	EndGlobalSection
	GlobalSection(ProjectConfigurationPlatforms) = postSolution
		{5A9A7A3C-0431-465E-8F0E-6D756218CF1F}.Debug|Any CPU.ActiveCfg = Debug|Any CPU
		{5A9A7A3C-0431-465E-8F0E-6D756218CF1F}.Debug|Any CPU.Build.0 = Debug|Any CPU
		{5A9A7A3C-0431-465E-8F0E-6D756218CF1F}.Release|Any CPU.ActiveCfg = Release|Any CPU
		{5A9A7A3C-0431-465E-8F0E-6D756218CF1F}.Release|Any CPU.Build.0 = Release|Any CPU
		{E6B814A2-D476-4718-90F6-0749C760E83B}.Debug|Any CPU.ActiveCfg = Debug|Any CPU
		{E6B814A2-D476-4718-90F6-0749C760E83B}.Debug|Any CPU.Build.0 = Debug|Any CPU
		{E6B814A2-D476-4718-90F6-0749C760E83B}.Release|Any CPU.ActiveCfg = Release|Any CPU
		{E6B814A2-D476-4718-90F6-0749C760E83B}.Release|Any CPU.Build.0 = Release|Any CPU
		{0BEBA0AA-BE4F-4C78-A891-26FBE07B29EC}.Debug|Any CPU.ActiveCfg = Debug|Any CPU
		{0BEBA0AA-BE4F-4C78-A891-26FBE07B29EC}.Debug|Any CPU.Build.0 = Debug|Any CPU
		{0BEBA0AA-BE4F-4C78-A891-26FBE07B29EC}.Release|Any CPU.ActiveCfg = Release|Any CPU
		{0BEBA0AA-BE4F-4C78-A891-26FBE07B29EC}.Release|Any CPU.Build.0 = Release|Any CPU
		{806B647D-6FCB-4006-B19D-0EA2E4B01E06}.Debug|Any CPU.ActiveCfg = Debug|Any CPU
		{806B647D-6FCB-4006-B19D-0EA2E4B01E06}.Debug|Any CPU.Build.0 = Debug|Any CPU
		{806B647D-6FCB-4006-B19D-0EA2E4B01E06}.Release|Any CPU.ActiveCfg = Release|Any CPU
		{806B647D-6FCB-4006-B19D-0EA2E4B01E06}.Release|Any CPU.Build.0 = Release|Any CPU
		{399C3EE3-0FC6-4C6C-B7AF-1E90C1CFC44B}.Debug|Any CPU.ActiveCfg = Debug|Any CPU
		{399C3EE3-0FC6-4C6C-B7AF-1E90C1CFC44B}.Debug|Any CPU.Build.0 = Debug|Any CPU
		{399C3EE3-0FC6-4C6C-B7AF-1E90C1CFC44B}.Release|Any CPU.ActiveCfg = Release|Any CPU
		{399C3EE3-0FC6-4C6C-B7AF-1E90C1CFC44B}.Release|Any CPU.Build.0 = Release|Any CPU
		{45B74D74-3B1C-4864-90DE-BDACC88D1721}.Debug|Any CPU.ActiveCfg = Debug|Any CPU
		{45B74D74-3B1C-4864-90DE-BDACC88D1721}.Debug|Any CPU.Build.0 = Debug|Any CPU
		{45B74D74-3B1C-4864-90DE-BDACC88D1721}.Release|Any CPU.ActiveCfg = Release|Any CPU
		{45B74D74-3B1C-4864-90DE-BDACC88D1721}.Release|Any CPU.Build.0 = Release|Any CPU
		{AB946726-7D7C-4F02-B3B2-0F399171DE48}.Debug|Any CPU.ActiveCfg = Debug|Any CPU
		{AB946726-7D7C-4F02-B3B2-0F399171DE48}.Debug|Any CPU.Build.0 = Debug|Any CPU
		{AB946726-7D7C-4F02-B3B2-0F399171DE48}.Release|Any CPU.ActiveCfg = Release|Any CPU
		{AB946726-7D7C-4F02-B3B2-0F399171DE48}.Release|Any CPU.Build.0 = Release|Any CPU
		{D2FAC430-51C9-4CC8-87E7-7AE7975D7BE3}.Debug|Any CPU.ActiveCfg = Debug|Any CPU
		{D2FAC430-51C9-4CC8-87E7-7AE7975D7BE3}.Debug|Any CPU.Build.0 = Debug|Any CPU
		{D2FAC430-51C9-4CC8-87E7-7AE7975D7BE3}.Release|Any CPU.ActiveCfg = Release|Any CPU
		{D2FAC430-51C9-4CC8-87E7-7AE7975D7BE3}.Release|Any CPU.Build.0 = Release|Any CPU
		{CFF54F81-1245-4344-91D9-6297C3709694}.Debug|Any CPU.ActiveCfg = Debug|Any CPU
		{CFF54F81-1245-4344-91D9-6297C3709694}.Debug|Any CPU.Build.0 = Debug|Any CPU
		{CFF54F81-1245-4344-91D9-6297C3709694}.Release|Any CPU.ActiveCfg = Release|Any CPU
		{CFF54F81-1245-4344-91D9-6297C3709694}.Release|Any CPU.Build.0 = Release|Any CPU
		{D8A9745E-CB4B-4882-8A18-71157788A1AE}.Debug|Any CPU.ActiveCfg = Debug|Any CPU
		{D8A9745E-CB4B-4882-8A18-71157788A1AE}.Debug|Any CPU.Build.0 = Debug|Any CPU
		{D8A9745E-CB4B-4882-8A18-71157788A1AE}.Release|Any CPU.ActiveCfg = Release|Any CPU
		{D8A9745E-CB4B-4882-8A18-71157788A1AE}.Release|Any CPU.Build.0 = Release|Any CPU
		{89402384-4789-462D-8B61-06B4E390A62D}.Debug|Any CPU.ActiveCfg = Debug|Any CPU
		{89402384-4789-462D-8B61-06B4E390A62D}.Debug|Any CPU.Build.0 = Debug|Any CPU
		{89402384-4789-462D-8B61-06B4E390A62D}.Release|Any CPU.ActiveCfg = Release|Any CPU
		{89402384-4789-462D-8B61-06B4E390A62D}.Release|Any CPU.Build.0 = Release|Any CPU
		{D4500737-FF29-4C72-BD25-B1B0DC0DB2F4}.Debug|Any CPU.ActiveCfg = Debug|Any CPU
		{D4500737-FF29-4C72-BD25-B1B0DC0DB2F4}.Debug|Any CPU.Build.0 = Debug|Any CPU
		{D4500737-FF29-4C72-BD25-B1B0DC0DB2F4}.Release|Any CPU.ActiveCfg = Release|Any CPU
		{D4500737-FF29-4C72-BD25-B1B0DC0DB2F4}.Release|Any CPU.Build.0 = Release|Any CPU
	EndGlobalSection
	GlobalSection(NestedProjects) = preSolution
		{399C3EE3-0FC6-4C6C-B7AF-1E90C1CFC44B} = {5A9F401A-9294-4DD3-87C8-D11FA7BBED8A}
		{45B74D74-3B1C-4864-90DE-BDACC88D1721} = {5A9F401A-9294-4DD3-87C8-D11FA7BBED8A}
		{AB946726-7D7C-4F02-B3B2-0F399171DE48} = {5A9F401A-9294-4DD3-87C8-D11FA7BBED8A}
		{D2FAC430-51C9-4CC8-87E7-7AE7975D7BE3} = {560A4C33-3CEC-4821-B8DB-A6169BD156A8}
		{CFF54F81-1245-4344-91D9-6297C3709694} = {560A4C33-3CEC-4821-B8DB-A6169BD156A8}
		{0BEBA0AA-BE4F-4C78-A891-26FBE07B29EC} = {560A4C33-3CEC-4821-B8DB-A6169BD156A8}
		{D8A9745E-CB4B-4882-8A18-71157788A1AE} = {560A4C33-3CEC-4821-B8DB-A6169BD156A8}
	EndGlobalSection
EndGlobal
