
Microsoft Visual Studio Solution File, Format Version 12.00
# Visual Studio Version 16
VisualStudioVersion = 16.0.30114.105
MinimumVisualStudioVersion = 10.0.40219.1
Project("{FAE04EC0-301F-11D3-BF4B-00C04F79EFBC}") = "Sql", "Sql\Sql.csproj", "{5A9A7A3C-0431-465E-8F0E-6D756218CF1F}"
EndProject
Project("{FAE04EC0-301F-11D3-BF4B-00C04F79EFBC}") = "Json", "Json\Json.csproj", "{E6B814A2-D476-4718-90F6-0749C760E83B}"
EndProject
Project("{FAE04EC0-301F-11D3-BF4B-00C04F79EFBC}") = "Rpc", "Rpc\Rpc\Rpc.csproj", "{0BEBA0AA-BE4F-4C78-A891-26FBE07B29EC}"
EndProject
Project("{FAE04EC0-301F-11D3-BF4B-00C04F79EFBC}") = "Common", "Common\Common.csproj", "{806B647D-6FCB-4006-B19D-0EA2E4B01E06}"
EndProject
Project("{2150E333-8FDC-42A3-9474-1A3956D46DE8}") = "Solution Items", "Solution Items", "{95F21584-3D73-420D-BBDD-4A1676D997DB}"
	ProjectSection(SolutionItems) = preProject
		.editorconfig = .editorconfig
		README.md = README.md
		.gitignore = .gitignore
	EndProjectSection
EndProject
Project("{2150E333-8FDC-42A3-9474-1A3956D46DE8}") = "Rpc", "Rpc", "{560A4C33-3CEC-4821-B8DB-A6169BD156A8}"
EndProject
Project("{2150E333-8FDC-42A3-9474-1A3956D46DE8}") = "Worker", "Worker", "{0D7255BB-B59C-494F-BBDA-2530B6384736}"
EndProject
Project("{FAE04EC0-301F-11D3-BF4B-00C04F79EFBC}") = "Shared", "Rpc\Worker\Shared\Shared.csproj", "{FA28D34C-DBA4-435B-8D5A-E0A7ACA112C5}"
EndProject
Project("{FAE04EC0-301F-11D3-BF4B-00C04F79EFBC}") = "Client", "Rpc\Worker\Client\Client.csproj", "{F6EDE7E1-E6FD-45B3-A8AE-8811BBE3A3E7}"
EndProject
Project("{FAE04EC0-301F-11D3-BF4B-00C04F79EFBC}") = "Server", "Rpc\Worker\Server\Server.csproj", "{F8C262AD-59D4-452B-B112-407470641AAA}"
EndProject
Project("{2150E333-8FDC-42A3-9474-1A3956D46DE8}") = "Basic", "Basic", "{9BE4DDD2-B2A3-41C7-98A4-D1A48B178337}"
EndProject
Project("{FAE04EC0-301F-11D3-BF4B-00C04F79EFBC}") = "Client", "Rpc\Basic\Client\Client.csproj", "{F7E21999-BB24-455B-9896-4F47A8A38959}"
EndProject
Project("{FAE04EC0-301F-11D3-BF4B-00C04F79EFBC}") = "Server", "Rpc\Basic\Server\Server.csproj", "{F74746AA-68C0-415B-B67E-F3495189876F}"
EndProject
Project("{FAE04EC0-301F-11D3-BF4B-00C04F79EFBC}") = "Definitions", "Rpc\Basic\Definitions\Definitions.csproj", "{7E984577-EDC9-4D88-A23D-06AE95A86031}"
EndProject
Project("{FAE04EC0-301F-11D3-BF4B-00C04F79EFBC}") = "InterThreadBroadcast", "InterThreadBroadcast\InterThreadBroadcast.csproj", "{82C3C75A-F48B-4727-B454-8FA93C438E2D}"
EndProject
Global
	GlobalSection(SolutionConfigurationPlatforms) = preSolution
		Debug|Any CPU = Debug|Any CPU
		Release|Any CPU = Release|Any CPU
	EndGlobalSection
	GlobalSection(SolutionProperties) = preSolution
		HideSolutionNode = FALSE
	EndGlobalSection
	GlobalSection(ProjectConfigurationPlatforms) = postSolution
		{5A9A7A3C-0431-465E-8F0E-6D756218CF1F}.Debug|Any CPU.ActiveCfg = Debug|Any CPU
		{5A9A7A3C-0431-465E-8F0E-6D756218CF1F}.Debug|Any CPU.Build.0 = Debug|Any CPU
		{5A9A7A3C-0431-465E-8F0E-6D756218CF1F}.Release|Any CPU.ActiveCfg = Release|Any CPU
		{5A9A7A3C-0431-465E-8F0E-6D756218CF1F}.Release|Any CPU.Build.0 = Release|Any CPU
		{E6B814A2-D476-4718-90F6-0749C760E83B}.Debug|Any CPU.ActiveCfg = Debug|Any CPU
		{E6B814A2-D476-4718-90F6-0749C760E83B}.Debug|Any CPU.Build.0 = Debug|Any CPU
		{E6B814A2-D476-4718-90F6-0749C760E83B}.Release|Any CPU.ActiveCfg = Release|Any CPU
		{E6B814A2-D476-4718-90F6-0749C760E83B}.Release|Any CPU.Build.0 = Release|Any CPU
		{0BEBA0AA-BE4F-4C78-A891-26FBE07B29EC}.Debug|Any CPU.ActiveCfg = Debug|Any CPU
		{0BEBA0AA-BE4F-4C78-A891-26FBE07B29EC}.Debug|Any CPU.Build.0 = Debug|Any CPU
		{0BEBA0AA-BE4F-4C78-A891-26FBE07B29EC}.Release|Any CPU.ActiveCfg = Release|Any CPU
		{0BEBA0AA-BE4F-4C78-A891-26FBE07B29EC}.Release|Any CPU.Build.0 = Release|Any CPU
		{806B647D-6FCB-4006-B19D-0EA2E4B01E06}.Debug|Any CPU.ActiveCfg = Debug|Any CPU
		{806B647D-6FCB-4006-B19D-0EA2E4B01E06}.Debug|Any CPU.Build.0 = Debug|Any CPU
		{806B647D-6FCB-4006-B19D-0EA2E4B01E06}.Release|Any CPU.ActiveCfg = Release|Any CPU
		{806B647D-6FCB-4006-B19D-0EA2E4B01E06}.Release|Any CPU.Build.0 = Release|Any CPU
		{FA28D34C-DBA4-435B-8D5A-E0A7ACA112C5}.Debug|Any CPU.ActiveCfg = Debug|Any CPU
		{FA28D34C-DBA4-435B-8D5A-E0A7ACA112C5}.Debug|Any CPU.Build.0 = Debug|Any CPU
		{FA28D34C-DBA4-435B-8D5A-E0A7ACA112C5}.Release|Any CPU.ActiveCfg = Release|Any CPU
		{FA28D34C-DBA4-435B-8D5A-E0A7ACA112C5}.Release|Any CPU.Build.0 = Release|Any CPU
		{F6EDE7E1-E6FD-45B3-A8AE-8811BBE3A3E7}.Debug|Any CPU.ActiveCfg = Debug|Any CPU
		{F6EDE7E1-E6FD-45B3-A8AE-8811BBE3A3E7}.Debug|Any CPU.Build.0 = Debug|Any CPU
		{F6EDE7E1-E6FD-45B3-A8AE-8811BBE3A3E7}.Release|Any CPU.ActiveCfg = Release|Any CPU
		{F6EDE7E1-E6FD-45B3-A8AE-8811BBE3A3E7}.Release|Any CPU.Build.0 = Release|Any CPU
		{F8C262AD-59D4-452B-B112-407470641AAA}.Debug|Any CPU.ActiveCfg = Debug|Any CPU
		{F8C262AD-59D4-452B-B112-407470641AAA}.Debug|Any CPU.Build.0 = Debug|Any CPU
		{F8C262AD-59D4-452B-B112-407470641AAA}.Release|Any CPU.ActiveCfg = Release|Any CPU
		{F8C262AD-59D4-452B-B112-407470641AAA}.Release|Any CPU.Build.0 = Release|Any CPU
		{F7E21999-BB24-455B-9896-4F47A8A38959}.Debug|Any CPU.ActiveCfg = Debug|Any CPU
		{F7E21999-BB24-455B-9896-4F47A8A38959}.Debug|Any CPU.Build.0 = Debug|Any CPU
		{F7E21999-BB24-455B-9896-4F47A8A38959}.Release|Any CPU.ActiveCfg = Release|Any CPU
		{F7E21999-BB24-455B-9896-4F47A8A38959}.Release|Any CPU.Build.0 = Release|Any CPU
		{F74746AA-68C0-415B-B67E-F3495189876F}.Debug|Any CPU.ActiveCfg = Debug|Any CPU
		{F74746AA-68C0-415B-B67E-F3495189876F}.Debug|Any CPU.Build.0 = Debug|Any CPU
		{F74746AA-68C0-415B-B67E-F3495189876F}.Release|Any CPU.ActiveCfg = Release|Any CPU
		{F74746AA-68C0-415B-B67E-F3495189876F}.Release|Any CPU.Build.0 = Release|Any CPU
		{7E984577-EDC9-4D88-A23D-06AE95A86031}.Debug|Any CPU.ActiveCfg = Debug|Any CPU
		{7E984577-EDC9-4D88-A23D-06AE95A86031}.Debug|Any CPU.Build.0 = Debug|Any CPU
		{7E984577-EDC9-4D88-A23D-06AE95A86031}.Release|Any CPU.ActiveCfg = Release|Any CPU
		{7E984577-EDC9-4D88-A23D-06AE95A86031}.Release|Any CPU.Build.0 = Release|Any CPU
		{82C3C75A-F48B-4727-B454-8FA93C438E2D}.Debug|Any CPU.ActiveCfg = Debug|Any CPU
		{82C3C75A-F48B-4727-B454-8FA93C438E2D}.Debug|Any CPU.Build.0 = Debug|Any CPU
		{82C3C75A-F48B-4727-B454-8FA93C438E2D}.Release|Any CPU.ActiveCfg = Release|Any CPU
		{82C3C75A-F48B-4727-B454-8FA93C438E2D}.Release|Any CPU.Build.0 = Release|Any CPU
	EndGlobalSection
	GlobalSection(NestedProjects) = preSolution
		{0D7255BB-B59C-494F-BBDA-2530B6384736} = {560A4C33-3CEC-4821-B8DB-A6169BD156A8}
		{FA28D34C-DBA4-435B-8D5A-E0A7ACA112C5} = {0D7255BB-B59C-494F-BBDA-2530B6384736}
		{F6EDE7E1-E6FD-45B3-A8AE-8811BBE3A3E7} = {0D7255BB-B59C-494F-BBDA-2530B6384736}
		{F8C262AD-59D4-452B-B112-407470641AAA} = {0D7255BB-B59C-494F-BBDA-2530B6384736}
		{9BE4DDD2-B2A3-41C7-98A4-D1A48B178337} = {560A4C33-3CEC-4821-B8DB-A6169BD156A8}
		{F7E21999-BB24-455B-9896-4F47A8A38959} = {9BE4DDD2-B2A3-41C7-98A4-D1A48B178337}
		{F74746AA-68C0-415B-B67E-F3495189876F} = {9BE4DDD2-B2A3-41C7-98A4-D1A48B178337}
		{7E984577-EDC9-4D88-A23D-06AE95A86031} = {9BE4DDD2-B2A3-41C7-98A4-D1A48B178337}
	EndGlobalSection
EndGlobal
